
Microsoft Visual Studio Solution File, Format Version 12.00
# Visual Studio Version 17
VisualStudioVersion = 17.14.36603.0 d17.14
MinimumVisualStudioVersion = 10.0.40219.1
Project("{FAE04EC0-301F-11D3-BF4B-00C04F79EFBC}") = "EvoSchool.Domain", "EvoSchool.Domain\EvoSchool.Domain.csproj", "{F04AD269-117B-4D30-9581-98BCE73C5FDA}"
EndProject
Project("{FAE04EC0-301F-11D3-BF4B-00C04F79EFBC}") = "EvoSchool.Service", "EvoSchool.Service\EvoSchool.Service.csproj", "{448666B5-4BCD-4A16-823A-29B5B2D7902D}"
EndProject
Project("{FAE04EC0-301F-11D3-BF4B-00C04F79EFBC}") = "EvoSchool.Data", "EvoSchool.Data\EvoSchool.Data.csproj", "{C6B911A3-CD7F-440E-A7EE-FE214C3BE22C}"
EndProject
Global
	GlobalSection(SolutionConfigurationPlatforms) = preSolution
		Debug|Any CPU = Debug|Any CPU
		Release|Any CPU = Release|Any CPU
	EndGlobalSection
	GlobalSection(ProjectConfigurationPlatforms) = postSolution
		{F04AD269-117B-4D30-9581-98BCE73C5FDA}.Debug|Any CPU.ActiveCfg = Debug|Any CPU
		{F04AD269-117B-4D30-9581-98BCE73C5FDA}.Debug|Any CPU.Build.0 = Debug|Any CPU
		{F04AD269-117B-4D30-9581-98BCE73C5FDA}.Release|Any CPU.ActiveCfg = Release|Any CPU
		{F04AD269-117B-4D30-9581-98BCE73C5FDA}.Release|Any CPU.Build.0 = Release|Any CPU
		{448666B5-4BCD-4A16-823A-29B5B2D7902D}.Debug|Any CPU.ActiveCfg = Debug|Any CPU
		{448666B5-4BCD-4A16-823A-29B5B2D7902D}.Debug|Any CPU.Build.0 = Debug|Any CPU
		{448666B5-4BCD-4A16-823A-29B5B2D7902D}.Release|Any CPU.ActiveCfg = Release|Any CPU
		{448666B5-4BCD-4A16-823A-29B5B2D7902D}.Release|Any CPU.Build.0 = Release|Any CPU
		{C6B911A3-CD7F-440E-A7EE-FE214C3BE22C}.Debug|Any CPU.ActiveCfg = Debug|Any CPU
		{C6B911A3-CD7F-440E-A7EE-FE214C3BE22C}.Debug|Any CPU.Build.0 = Debug|Any CPU
		{C6B911A3-CD7F-440E-A7EE-FE214C3BE22C}.Release|Any CPU.ActiveCfg = Release|Any CPU
		{C6B911A3-CD7F-440E-A7EE-FE214C3BE22C}.Release|Any CPU.Build.0 = Release|Any CPU
	EndGlobalSection
	GlobalSection(SolutionProperties) = preSolution
		HideSolutionNode = FALSE
	EndGlobalSection
	GlobalSection(ExtensibilityGlobals) = postSolution
		SolutionGuid = {C329A823-AB36-42C2-8F9A-D1EACF22811D}
	EndGlobalSection
EndGlobal
